// !$*UTF8*$!
{
	archiveVersion = 1;
	classes = {
	};
	objectVersion = 50;
	objects = {

/* Begin PBXBuildFile section */
		64558113241C8FB800EFFCB6 /* AppDelegate.swift in Sources */ = {isa = PBXBuildFile; fileRef = 64558112241C8FB800EFFCB6 /* AppDelegate.swift */; };
		64558115241C8FB800EFFCB6 /* SceneDelegate.swift in Sources */ = {isa = PBXBuildFile; fileRef = 64558114241C8FB800EFFCB6 /* SceneDelegate.swift */; };
		64558119241C8FBA00EFFCB6 /* Assets.xcassets in Resources */ = {isa = PBXBuildFile; fileRef = 64558118241C8FBA00EFFCB6 /* Assets.xcassets */; };
		6455811C241C8FBA00EFFCB6 /* Preview Assets.xcassets in Resources */ = {isa = PBXBuildFile; fileRef = 6455811B241C8FBA00EFFCB6 /* Preview Assets.xcassets */; };
		6455811F241C8FBA00EFFCB6 /* LaunchScreen.storyboard in Resources */ = {isa = PBXBuildFile; fileRef = 6455811D241C8FBA00EFFCB6 /* LaunchScreen.storyboard */; };
		6455812A241C8FBA00EFFCB6 /* SightLogoTests.swift in Sources */ = {isa = PBXBuildFile; fileRef = 64558129241C8FBA00EFFCB6 /* SightLogoTests.swift */; };
		64558135241C8FEB00EFFCB6 /* HomeView.swift in Sources */ = {isa = PBXBuildFile; fileRef = 64558134241C8FEB00EFFCB6 /* HomeView.swift */; };
		64558137241C901000EFFCB6 /* LogoSettingsView.swift in Sources */ = {isa = PBXBuildFile; fileRef = 64558136241C901000EFFCB6 /* LogoSettingsView.swift */; };
/* End PBXBuildFile section */

/* Begin PBXContainerItemProxy section */
		64558126241C8FBA00EFFCB6 /* PBXContainerItemProxy */ = {
			isa = PBXContainerItemProxy;
			containerPortal = 64558107241C8FB800EFFCB6 /* Project object */;
			proxyType = 1;
			remoteGlobalIDString = 6455810E241C8FB800EFFCB6;
			remoteInfo = SightLogo;
		};
/* End PBXContainerItemProxy section */

/* Begin PBXFileReference section */
		6455810F241C8FB800EFFCB6 /* SightLogo.app */ = {isa = PBXFileReference; explicitFileType = wrapper.application; includeInIndex = 0; path = SightLogo.app; sourceTree = BUILT_PRODUCTS_DIR; };
		64558112241C8FB800EFFCB6 /* AppDelegate.swift */ = {isa = PBXFileReference; lastKnownFileType = sourcecode.swift; path = AppDelegate.swift; sourceTree = "<group>"; };
		64558114241C8FB800EFFCB6 /* SceneDelegate.swift */ = {isa = PBXFileReference; lastKnownFileType = sourcecode.swift; path = SceneDelegate.swift; sourceTree = "<group>"; };
		64558118241C8FBA00EFFCB6 /* Assets.xcassets */ = {isa = PBXFileReference; lastKnownFileType = folder.assetcatalog; path = Assets.xcassets; sourceTree = "<group>"; };
		6455811B241C8FBA00EFFCB6 /* Preview Assets.xcassets */ = {isa = PBXFileReference; lastKnownFileType = folder.assetcatalog; path = "Preview Assets.xcassets"; sourceTree = "<group>"; };
		6455811E241C8FBA00EFFCB6 /* Base */ = {isa = PBXFileReference; lastKnownFileType = file.storyboard; name = Base; path = Base.lproj/LaunchScreen.storyboard; sourceTree = "<group>"; };
		64558120241C8FBA00EFFCB6 /* Info.plist */ = {isa = PBXFileReference; lastKnownFileType = text.plist.xml; path = Info.plist; sourceTree = "<group>"; };
		64558125241C8FBA00EFFCB6 /* SightLogoTests.xctest */ = {isa = PBXFileReference; explicitFileType = wrapper.cfbundle; includeInIndex = 0; path = SightLogoTests.xctest; sourceTree = BUILT_PRODUCTS_DIR; };
		64558129241C8FBA00EFFCB6 /* SightLogoTests.swift */ = {isa = PBXFileReference; lastKnownFileType = sourcecode.swift; path = SightLogoTests.swift; sourceTree = "<group>"; };
		6455812B241C8FBA00EFFCB6 /* Info.plist */ = {isa = PBXFileReference; lastKnownFileType = text.plist.xml; path = Info.plist; sourceTree = "<group>"; };
		64558134241C8FEB00EFFCB6 /* HomeView.swift */ = {isa = PBXFileReference; lastKnownFileType = sourcecode.swift; path = HomeView.swift; sourceTree = "<group>"; };
		64558136241C901000EFFCB6 /* LogoSettingsView.swift */ = {isa = PBXFileReference; lastKnownFileType = sourcecode.swift; path = LogoSettingsView.swift; sourceTree = "<group>"; };
/* End PBXFileReference section */

/* Begin PBXFrameworksBuildPhase section */
		6455810C241C8FB800EFFCB6 /* Frameworks */ = {
			isa = PBXFrameworksBuildPhase;
			buildActionMask = 2147483647;
			files = (
			);
			runOnlyForDeploymentPostprocessing = 0;
		};
		64558122241C8FBA00EFFCB6 /* Frameworks */ = {
			isa = PBXFrameworksBuildPhase;
			buildActionMask = 2147483647;
			files = (
			);
			runOnlyForDeploymentPostprocessing = 0;
		};
/* End PBXFrameworksBuildPhase section */

/* Begin PBXGroup section */
		64558106241C8FB800EFFCB6 = {
			isa = PBXGroup;
			children = (
				64558111241C8FB800EFFCB6 /* SightLogo */,
				64558128241C8FBA00EFFCB6 /* SightLogoTests */,
				64558110241C8FB800EFFCB6 /* Products */,
			);
			sourceTree = "<group>";
		};
		64558110241C8FB800EFFCB6 /* Products */ = {
			isa = PBXGroup;
			children = (
				6455810F241C8FB800EFFCB6 /* SightLogo.app */,
				64558125241C8FBA00EFFCB6 /* SightLogoTests.xctest */,
			);
			name = Products;
			sourceTree = "<group>";
		};
		64558111241C8FB800EFFCB6 /* SightLogo */ = {
			isa = PBXGroup;
			children = (
				64558112241C8FB800EFFCB6 /* AppDelegate.swift */,
				64558114241C8FB800EFFCB6 /* SceneDelegate.swift */,
				64558134241C8FEB00EFFCB6 /* HomeView.swift */,
				64558136241C901000EFFCB6 /* LogoSettingsView.swift */,
				64558118241C8FBA00EFFCB6 /* Assets.xcassets */,
				6455811D241C8FBA00EFFCB6 /* LaunchScreen.storyboard */,
				64558120241C8FBA00EFFCB6 /* Info.plist */,
				6455811A241C8FBA00EFFCB6 /* Preview Content */,
			);
			path = SightLogo;
			sourceTree = "<group>";
		};
		6455811A241C8FBA00EFFCB6 /* Preview Content */ = {
			isa = PBXGroup;
			children = (
				6455811B241C8FBA00EFFCB6 /* Preview Assets.xcassets */,
			);
			path = "Preview Content";
			sourceTree = "<group>";
		};
		64558128241C8FBA00EFFCB6 /* SightLogoTests */ = {
			isa = PBXGroup;
			children = (
				64558129241C8FBA00EFFCB6 /* SightLogoTests.swift */,
				6455812B241C8FBA00EFFCB6 /* Info.plist */,
			);
			path = SightLogoTests;
			sourceTree = "<group>";
		};
/* End PBXGroup section */

/* Begin PBXNativeTarget section */
		6455810E241C8FB800EFFCB6 /* SightLogo */ = {
			isa = PBXNativeTarget;
			buildConfigurationList = 6455812E241C8FBB00EFFCB6 /* Build configuration list for PBXNativeTarget "SightLogo" */;
			buildPhases = (
				6455810B241C8FB800EFFCB6 /* Sources */,
				6455810C241C8FB800EFFCB6 /* Frameworks */,
				6455810D241C8FB800EFFCB6 /* Resources */,
			);
			buildRules = (
			);
			dependencies = (
			);
			name = SightLogo;
			productName = SightLogo;
			productReference = 6455810F241C8FB800EFFCB6 /* SightLogo.app */;
			productType = "com.apple.product-type.application";
		};
		64558124241C8FBA00EFFCB6 /* SightLogoTests */ = {
			isa = PBXNativeTarget;
			buildConfigurationList = 64558131241C8FBB00EFFCB6 /* Build configuration list for PBXNativeTarget "SightLogoTests" */;
			buildPhases = (
				64558121241C8FBA00EFFCB6 /* Sources */,
				64558122241C8FBA00EFFCB6 /* Frameworks */,
				64558123241C8FBA00EFFCB6 /* Resources */,
			);
			buildRules = (
			);
			dependencies = (
				64558127241C8FBA00EFFCB6 /* PBXTargetDependency */,
			);
			name = SightLogoTests;
			productName = SightLogoTests;
			productReference = 64558125241C8FBA00EFFCB6 /* SightLogoTests.xctest */;
			productType = "com.apple.product-type.bundle.unit-test";
		};
/* End PBXNativeTarget section */

/* Begin PBXProject section */
		64558107241C8FB800EFFCB6 /* Project object */ = {
			isa = PBXProject;
			attributes = {
				LastSwiftUpdateCheck = 1130;
				LastUpgradeCheck = 1130;
				ORGANIZATIONNAME = "Federico Zanetello";
				TargetAttributes = {
					6455810E241C8FB800EFFCB6 = {
						CreatedOnToolsVersion = 11.3.1;
					};
					64558124241C8FBA00EFFCB6 = {
						CreatedOnToolsVersion = 11.3.1;
						TestTargetID = 6455810E241C8FB800EFFCB6;
					};
				};
			};
			buildConfigurationList = 6455810A241C8FB800EFFCB6 /* Build configuration list for PBXProject "SightLogo" */;
			compatibilityVersion = "Xcode 9.3";
			developmentRegion = en;
			hasScannedForEncodings = 0;
			knownRegions = (
				en,
				Base,
			);
			mainGroup = 64558106241C8FB800EFFCB6;
			productRefGroup = 64558110241C8FB800EFFCB6 /* Products */;
			projectDirPath = "";
			projectRoot = "";
			targets = (
				6455810E241C8FB800EFFCB6 /* SightLogo */,
				64558124241C8FBA00EFFCB6 /* SightLogoTests */,
			);
		};
/* End PBXProject section */

/* Begin PBXResourcesBuildPhase section */
		6455810D241C8FB800EFFCB6 /* Resources */ = {
			isa = PBXResourcesBuildPhase;
			buildActionMask = 2147483647;
			files = (
				6455811F241C8FBA00EFFCB6 /* LaunchScreen.storyboard in Resources */,
				6455811C241C8FBA00EFFCB6 /* Preview Assets.xcassets in Resources */,
				64558119241C8FBA00EFFCB6 /* Assets.xcassets in Resources */,
			);
			runOnlyForDeploymentPostprocessing = 0;
		};
		64558123241C8FBA00EFFCB6 /* Resources */ = {
			isa = PBXResourcesBuildPhase;
			buildActionMask = 2147483647;
			files = (
			);
			runOnlyForDeploymentPostprocessing = 0;
		};
/* End PBXResourcesBuildPhase section */

/* Begin PBXSourcesBuildPhase section */
		6455810B241C8FB800EFFCB6 /* Sources */ = {
			isa = PBXSourcesBuildPhase;
			buildActionMask = 2147483647;
			files = (
				64558135241C8FEB00EFFCB6 /* HomeView.swift in Sources */,
				64558113241C8FB800EFFCB6 /* AppDelegate.swift in Sources */,
				64558137241C901000EFFCB6 /* LogoSettingsView.swift in Sources */,
				64558115241C8FB800EFFCB6 /* SceneDelegate.swift in Sources */,
			);
			runOnlyForDeploymentPostprocessing = 0;
		};
		64558121241C8FBA00EFFCB6 /* Sources */ = {
			isa = PBXSourcesBuildPhase;
			buildActionMask = 2147483647;
			files = (
				6455812A241C8FBA00EFFCB6 /* SightLogoTests.swift in Sources */,
			);
			runOnlyForDeploymentPostprocessing = 0;
		};
/* End PBXSourcesBuildPhase section */

/* Begin PBXTargetDependency section */
		64558127241C8FBA00EFFCB6 /* PBXTargetDependency */ = {
			isa = PBXTargetDependency;
			target = 6455810E241C8FB800EFFCB6 /* SightLogo */;
			targetProxy = 64558126241C8FBA00EFFCB6 /* PBXContainerItemProxy */;
		};
/* End PBXTargetDependency section */

/* Begin PBXVariantGroup section */
		6455811D241C8FBA00EFFCB6 /* LaunchScreen.storyboard */ = {
			isa = PBXVariantGroup;
			children = (
				6455811E241C8FBA00EFFCB6 /* Base */,
			);
			name = LaunchScreen.storyboard;
			sourceTree = "<group>";
		};
/* End PBXVariantGroup section */

/* Begin XCBuildConfiguration section */
		6455812C241C8FBB00EFFCB6 /* Debug */ = {
			isa = XCBuildConfiguration;
			buildSettings = {
				ALWAYS_SEARCH_USER_PATHS = NO;
				CLANG_ANALYZER_NONNULL = YES;
				CLANG_ANALYZER_NUMBER_OBJECT_CONVERSION = YES_AGGRESSIVE;
				CLANG_CXX_LANGUAGE_STANDARD = "gnu++14";
				CLANG_CXX_LIBRARY = "libc++";
				CLANG_ENABLE_MODULES = YES;
				CLANG_ENABLE_OBJC_ARC = YES;
				CLANG_ENABLE_OBJC_WEAK = YES;
				CLANG_WARN_BLOCK_CAPTURE_AUTORELEASING = YES;
				CLANG_WARN_BOOL_CONVERSION = YES;
				CLANG_WARN_COMMA = YES;
				CLANG_WARN_CONSTANT_CONVERSION = YES;
				CLANG_WARN_DEPRECATED_OBJC_IMPLEMENTATIONS = YES;
				CLANG_WARN_DIRECT_OBJC_ISA_USAGE = YES_ERROR;
				CLANG_WARN_DOCUMENTATION_COMMENTS = YES;
				CLANG_WARN_EMPTY_BODY = YES;
				CLANG_WARN_ENUM_CONVERSION = YES;
				CLANG_WARN_INFINITE_RECURSION = YES;
				CLANG_WARN_INT_CONVERSION = YES;
				CLANG_WARN_NON_LITERAL_NULL_CONVERSION = YES;
				CLANG_WARN_OBJC_IMPLICIT_RETAIN_SELF = YES;
				CLANG_WARN_OBJC_LITERAL_CONVERSION = YES;
				CLANG_WARN_OBJC_ROOT_CLASS = YES_ERROR;
				CLANG_WARN_RANGE_LOOP_ANALYSIS = YES;
				CLANG_WARN_STRICT_PROTOTYPES = YES;
				CLANG_WARN_SUSPICIOUS_MOVE = YES;
				CLANG_WARN_UNGUARDED_AVAILABILITY = YES_AGGRESSIVE;
				CLANG_WARN_UNREACHABLE_CODE = YES;
				CLANG_WARN__DUPLICATE_METHOD_MATCH = YES;
				COPY_PHASE_STRIP = NO;
				DEBUG_INFORMATION_FORMAT = dwarf;
				ENABLE_STRICT_OBJC_MSGSEND = YES;
				ENABLE_TESTABILITY = YES;
				GCC_C_LANGUAGE_STANDARD = gnu11;
				GCC_DYNAMIC_NO_PIC = NO;
				GCC_NO_COMMON_BLOCKS = YES;
				GCC_OPTIMIZATION_LEVEL = 0;
				GCC_PREPROCESSOR_DEFINITIONS = (
					"DEBUG=1",
					"$(inherited)",
				);
				GCC_WARN_64_TO_32_BIT_CONVERSION = YES;
				GCC_WARN_ABOUT_RETURN_TYPE = YES_ERROR;
				GCC_WARN_UNDECLARED_SELECTOR = YES;
				GCC_WARN_UNINITIALIZED_AUTOS = YES_AGGRESSIVE;
				GCC_WARN_UNUSED_FUNCTION = YES;
				GCC_WARN_UNUSED_VARIABLE = YES;
				IPHONEOS_DEPLOYMENT_TARGET = 13.2;
				MTL_ENABLE_DEBUG_INFO = INCLUDE_SOURCE;
				MTL_FAST_MATH = YES;
				ONLY_ACTIVE_ARCH = YES;
				SDKROOT = iphoneos;
				SWIFT_ACTIVE_COMPILATION_CONDITIONS = DEBUG;
				SWIFT_OPTIMIZATION_LEVEL = "-Onone";
			};
			name = Debug;
		};
		6455812D241C8FBB00EFFCB6 /* Release */ = {
			isa = XCBuildConfiguration;
			buildSettings = {
				ALWAYS_SEARCH_USER_PATHS = NO;
				CLANG_ANALYZER_NONNULL = YES;
				CLANG_ANALYZER_NUMBER_OBJECT_CONVERSION = YES_AGGRESSIVE;
				CLANG_CXX_LANGUAGE_STANDARD = "gnu++14";
				CLANG_CXX_LIBRARY = "libc++";
				CLANG_ENABLE_MODULES = YES;
				CLANG_ENABLE_OBJC_ARC = YES;
				CLANG_ENABLE_OBJC_WEAK = YES;
				CLANG_WARN_BLOCK_CAPTURE_AUTORELEASING = YES;
				CLANG_WARN_BOOL_CONVERSION = YES;
				CLANG_WARN_COMMA = YES;
				CLANG_WARN_CONSTANT_CONVERSION = YES;
				CLANG_WARN_DEPRECATED_OBJC_IMPLEMENTATIONS = YES;
				CLANG_WARN_DIRECT_OBJC_ISA_USAGE = YES_ERROR;
				CLANG_WARN_DOCUMENTATION_COMMENTS = YES;
				CLANG_WARN_EMPTY_BODY = YES;
				CLANG_WARN_ENUM_CONVERSION = YES;
				CLANG_WARN_INFINITE_RECURSION = YES;
				CLANG_WARN_INT_CONVERSION = YES;
				CLANG_WARN_NON_LITERAL_NULL_CONVERSION = YES;
				CLANG_WARN_OBJC_IMPLICIT_RETAIN_SELF = YES;
				CLANG_WARN_OBJC_LITERAL_CONVERSION = YES;
				CLANG_WARN_OBJC_ROOT_CLASS = YES_ERROR;
				CLANG_WARN_RANGE_LOOP_ANALYSIS = YES;
				CLANG_WARN_STRICT_PROTOTYPES = YES;
				CLANG_WARN_SUSPICIOUS_MOVE = YES;
				CLANG_WARN_UNGUARDED_AVAILABILITY = YES_AGGRESSIVE;
				CLANG_WARN_UNREACHABLE_CODE = YES;
				CLANG_WARN__DUPLICATE_METHOD_MATCH = YES;
				COPY_PHASE_STRIP = NO;
				DEBUG_INFORMATION_FORMAT = "dwarf-with-dsym";
				ENABLE_NS_ASSERTIONS = NO;
				ENABLE_STRICT_OBJC_MSGSEND = YES;
				GCC_C_LANGUAGE_STANDARD = gnu11;
				GCC_NO_COMMON_BLOCKS = YES;
				GCC_WARN_64_TO_32_BIT_CONVERSION = YES;
				GCC_WARN_ABOUT_RETURN_TYPE = YES_ERROR;
				GCC_WARN_UNDECLARED_SELECTOR = YES;
				GCC_WARN_UNINITIALIZED_AUTOS = YES_AGGRESSIVE;
				GCC_WARN_UNUSED_FUNCTION = YES;
				GCC_WARN_UNUSED_VARIABLE = YES;
				IPHONEOS_DEPLOYMENT_TARGET = 13.2;
				MTL_ENABLE_DEBUG_INFO = NO;
				MTL_FAST_MATH = YES;
				SDKROOT = iphoneos;
				SWIFT_COMPILATION_MODE = wholemodule;
				SWIFT_OPTIMIZATION_LEVEL = "-O";
				VALIDATE_PRODUCT = YES;
			};
			name = Release;
		};
		6455812F241C8FBB00EFFCB6 /* Debug */ = {
			isa = XCBuildConfiguration;
			buildSettings = {
				ASSETCATALOG_COMPILER_APPICON_NAME = AppIcon;
				CODE_SIGN_STYLE = Automatic;
				DEVELOPMENT_ASSET_PATHS = "\"SightLogo/Preview Content\"";
				DEVELOPMENT_TEAM = 5HP4VS26CA;
				ENABLE_PREVIEWS = YES;
				INFOPLIST_FILE = SightLogo/Info.plist;
				LD_RUNPATH_SEARCH_PATHS = (
					"$(inherited)",
					"@executable_path/Frameworks",
				);
				PRODUCT_BUNDLE_IDENTIFIER = blog.fivestars.SightLogo;
				PRODUCT_NAME = "$(TARGET_NAME)";
				SWIFT_VERSION = 5.0;
				TARGETED_DEVICE_FAMILY = "1,2";
			};
			name = Debug;
		};
		64558130241C8FBB00EFFCB6 /* Release */ = {
			isa = XCBuildConfiguration;
			buildSettings = {
				ASSETCATALOG_COMPILER_APPICON_NAME = AppIcon;
				CODE_SIGN_STYLE = Automatic;
				DEVELOPMENT_ASSET_PATHS = "\"SightLogo/Preview Content\"";
				DEVELOPMENT_TEAM = 5HP4VS26CA;
				ENABLE_PREVIEWS = YES;
				INFOPLIST_FILE = SightLogo/Info.plist;
				LD_RUNPATH_SEARCH_PATHS = (
					"$(inherited)",
					"@executable_path/Frameworks",
				);
				PRODUCT_BUNDLE_IDENTIFIER = blog.fivestars.SightLogo;
				PRODUCT_NAME = "$(TARGET_NAME)";
				SWIFT_VERSION = 5.0;
				TARGETED_DEVICE_FAMILY = "1,2";
			};
			name = Release;
		};
		64558132241C8FBB00EFFCB6 /* Debug */ = {
			isa = XCBuildConfiguration;
			buildSettings = {
				ALWAYS_EMBED_SWIFT_STANDARD_LIBRARIES = YES;
				BUNDLE_LOADER = "$(TEST_HOST)";
				CODE_SIGN_STYLE = Automatic;
				DEVELOPMENT_TEAM = 5HP4VS26CA;
				INFOPLIST_FILE = SightLogoTests/Info.plist;
				IPHONEOS_DEPLOYMENT_TARGET = 13.2;
				LD_RUNPATH_SEARCH_PATHS = (
					"$(inherited)",
					"@executable_path/Frameworks",
					"@loader_path/Frameworks",
				);
				PRODUCT_BUNDLE_IDENTIFIER = blog.fivestars.SightLogoTests;
				PRODUCT_NAME = "$(TARGET_NAME)";
				SWIFT_VERSION = 5.0;
				TARGETED_DEVICE_FAMILY = "1,2";
				TEST_HOST = "$(BUILT_PRODUCTS_DIR)/SightLogo.app/SightLogo";
			};
			name = Debug;
		};
		64558133241C8FBB00EFFCB6 /* Release */ = {
			isa = XCBuildConfiguration;
			buildSettings = {
				ALWAYS_EMBED_SWIFT_STANDARD_LIBRARIES = YES;
				BUNDLE_LOADER = "$(TEST_HOST)";
				CODE_SIGN_STYLE = Automatic;
				DEVELOPMENT_TEAM = 5HP4VS26CA;
				INFOPLIST_FILE = SightLogoTests/Info.plist;
				IPHONEOS_DEPLOYMENT_TARGET = 13.2;
				LD_RUNPATH_SEARCH_PATHS = (
					"$(inherited)",
					"@executable_path/Frameworks",
					"@loader_path/Frameworks",
				);
				PRODUCT_BUNDLE_IDENTIFIER = blog.fivestars.SightLogoTests;
				PRODUCT_NAME = "$(TARGET_NAME)";
				SWIFT_VERSION = 5.0;
				TARGETED_DEVICE_FAMILY = "1,2";
				TEST_HOST = "$(BUILT_PRODUCTS_DIR)/SightLogo.app/SightLogo";
			};
			name = Release;
		};
/* End XCBuildConfiguration section */

/* Begin XCConfigurationList section */
		6455810A241C8FB800EFFCB6 /* Build configuration list for PBXProject "SightLogo" */ = {
			isa = XCConfigurationList;
			buildConfigurations = (
				6455812C241C8FBB00EFFCB6 /* Debug */,
				6455812D241C8FBB00EFFCB6 /* Release */,
			);
			defaultConfigurationIsVisible = 0;
			defaultConfigurationName = Release;
		};
		6455812E241C8FBB00EFFCB6 /* Build configuration list for PBXNativeTarget "SightLogo" */ = {
			isa = XCConfigurationList;
			buildConfigurations = (
				6455812F241C8FBB00EFFCB6 /* Debug */,
				64558130241C8FBB00EFFCB6 /* Release */,
			);
			defaultConfigurationIsVisible = 0;
			defaultConfigurationName = Release;
		};
		64558131241C8FBB00EFFCB6 /* Build configuration list for PBXNativeTarget "SightLogoTests" */ = {
			isa = XCConfigurationList;
			buildConfigurations = (
				64558132241C8FBB00EFFCB6 /* Debug */,
				64558133241C8FBB00EFFCB6 /* Release */,
			);
			defaultConfigurationIsVisible = 0;
			defaultConfigurationName = Release;
		};
/* End XCConfigurationList section */
	};
	rootObject = 64558107241C8FB800EFFCB6 /* Project object */;
}
